
Microsoft Visual Studio Solution File, Format Version 12.00
Project("{FAE04EC0-301F-11D3-BF4B-00C04F79EFBC}") = "NearlyRogue.Core", "NearlyRogue\NearlyRogue.Core\NearlyRogue.Core.csproj", "{30E69605-9003-415F-BFCE-F94C2A9A684B}"
EndProject
Project("{FAE04EC0-301F-11D3-BF4B-00C04F79EFBC}") = "FiniteStateMachine", "FiniteStateMachineSolution\FiniteStateMachine\FiniteStateMachine.csproj", "{7A8C0855-61F1-4C30-81A6-D3245322D19F}"
EndProject
Project("{FAE04EC0-301F-11D3-BF4B-00C04F79EFBC}") = "Mazes.Contracts", "Mazes\Mazes.Contracts\Mazes.Contracts.csproj", "{F3D48966-00DD-4625-9FF8-0FC48E0D23AA}"
EndProject
Project("{FAE04EC0-301F-11D3-BF4B-00C04F79EFBC}") = "AldousBroderMaze", "Mazes\AldousBroderMaze\AldousBroderMaze.csproj", "{DD5A01C5-8C71-4B39-996F-7ACDD33EAF88}"
EndProject
Project("{FAE04EC0-301F-11D3-BF4B-00C04F79EFBC}") = "NearlyRogue.Cli", "NearlyRogue\NearlyRogue.Cli\NearlyRogue.Cli.csproj", "{7970269E-AC3B-46A1-849F-BCC51C551977}"
EndProject
Global
	GlobalSection(SolutionConfigurationPlatforms) = preSolution
		Debug|Any CPU = Debug|Any CPU
		Release|Any CPU = Release|Any CPU
	EndGlobalSection
	GlobalSection(ProjectConfigurationPlatforms) = postSolution
		{30E69605-9003-415F-BFCE-F94C2A9A684B}.Debug|Any CPU.ActiveCfg = Debug|Any CPU
		{30E69605-9003-415F-BFCE-F94C2A9A684B}.Debug|Any CPU.Build.0 = Debug|Any CPU
		{30E69605-9003-415F-BFCE-F94C2A9A684B}.Release|Any CPU.ActiveCfg = Release|Any CPU
		{30E69605-9003-415F-BFCE-F94C2A9A684B}.Release|Any CPU.Build.0 = Release|Any CPU
		{7A8C0855-61F1-4C30-81A6-D3245322D19F}.Debug|Any CPU.ActiveCfg = Debug|Any CPU
		{7A8C0855-61F1-4C30-81A6-D3245322D19F}.Debug|Any CPU.Build.0 = Debug|Any CPU
		{7A8C0855-61F1-4C30-81A6-D3245322D19F}.Release|Any CPU.ActiveCfg = Release|Any CPU
		{7A8C0855-61F1-4C30-81A6-D3245322D19F}.Release|Any CPU.Build.0 = Release|Any CPU
		{F3D48966-00DD-4625-9FF8-0FC48E0D23AA}.Debug|Any CPU.ActiveCfg = Debug|Any CPU
		{F3D48966-00DD-4625-9FF8-0FC48E0D23AA}.Debug|Any CPU.Build.0 = Debug|Any CPU
		{F3D48966-00DD-4625-9FF8-0FC48E0D23AA}.Release|Any CPU.ActiveCfg = Release|Any CPU
		{F3D48966-00DD-4625-9FF8-0FC48E0D23AA}.Release|Any CPU.Build.0 = Release|Any CPU
		{DD5A01C5-8C71-4B39-996F-7ACDD33EAF88}.Debug|Any CPU.ActiveCfg = Debug|Any CPU
		{DD5A01C5-8C71-4B39-996F-7ACDD33EAF88}.Debug|Any CPU.Build.0 = Debug|Any CPU
		{DD5A01C5-8C71-4B39-996F-7ACDD33EAF88}.Release|Any CPU.ActiveCfg = Release|Any CPU
		{DD5A01C5-8C71-4B39-996F-7ACDD33EAF88}.Release|Any CPU.Build.0 = Release|Any CPU
		{7970269E-AC3B-46A1-849F-BCC51C551977}.Debug|Any CPU.ActiveCfg = Debug|Any CPU
		{7970269E-AC3B-46A1-849F-BCC51C551977}.Debug|Any CPU.Build.0 = Debug|Any CPU
		{7970269E-AC3B-46A1-849F-BCC51C551977}.Release|Any CPU.ActiveCfg = Release|Any CPU
		{7970269E-AC3B-46A1-849F-BCC51C551977}.Release|Any CPU.Build.0 = Release|Any CPU
	EndGlobalSection
EndGlobal
