
Microsoft Visual Studio Solution File, Format Version 12.00
Project("{FAE04EC0-301F-11D3-BF4B-00C04F79EFBC}") = "CellularAutomata", "CellularAutomata\CellularAutomata.csproj", "{4C828E87-F4B2-4DC1-A068-ECB8678888C8}"
EndProject
Project("{FAE04EC0-301F-11D3-BF4B-00C04F79EFBC}") = "GameOfLive", "GameOfLive\GameOfLive.csproj", "{0F460E5B-BFE4-45C5-A6AD-0915CE451C4C}"
EndProject
Project("{FAE04EC0-301F-11D3-BF4B-00C04F79EFBC}") = "SkiasGameOfLive", "SkiasGameOfLive\SkiasGameOfLive.csproj", "{7C812797-6DD5-4188-A8FE-65B35165A766}"
EndProject
Project("{FAE04EC0-301F-11D3-BF4B-00C04F79EFBC}") = "CellularAutomata.Benchmark", "CellularAutomata.Benchmark\CellularAutomata.Benchmark.csproj", "{83F2D11D-14C8-47AE-A906-E9CCCB91CF05}"
EndProject
Global
	GlobalSection(SolutionConfigurationPlatforms) = preSolution
		Debug|Any CPU = Debug|Any CPU
		Release|Any CPU = Release|Any CPU
	EndGlobalSection
	GlobalSection(ProjectConfigurationPlatforms) = postSolution
		{4C828E87-F4B2-4DC1-A068-ECB8678888C8}.Debug|Any CPU.ActiveCfg = Debug|Any CPU
		{4C828E87-F4B2-4DC1-A068-ECB8678888C8}.Debug|Any CPU.Build.0 = Debug|Any CPU
		{4C828E87-F4B2-4DC1-A068-ECB8678888C8}.Release|Any CPU.ActiveCfg = Release|Any CPU
		{4C828E87-F4B2-4DC1-A068-ECB8678888C8}.Release|Any CPU.Build.0 = Release|Any CPU
		{0F460E5B-BFE4-45C5-A6AD-0915CE451C4C}.Debug|Any CPU.ActiveCfg = Debug|Any CPU
		{0F460E5B-BFE4-45C5-A6AD-0915CE451C4C}.Debug|Any CPU.Build.0 = Debug|Any CPU
		{0F460E5B-BFE4-45C5-A6AD-0915CE451C4C}.Release|Any CPU.ActiveCfg = Release|Any CPU
		{0F460E5B-BFE4-45C5-A6AD-0915CE451C4C}.Release|Any CPU.Build.0 = Release|Any CPU
		{7C812797-6DD5-4188-A8FE-65B35165A766}.Debug|Any CPU.ActiveCfg = Debug|Any CPU
		{7C812797-6DD5-4188-A8FE-65B35165A766}.Debug|Any CPU.Build.0 = Debug|Any CPU
		{7C812797-6DD5-4188-A8FE-65B35165A766}.Release|Any CPU.ActiveCfg = Release|Any CPU
		{7C812797-6DD5-4188-A8FE-65B35165A766}.Release|Any CPU.Build.0 = Release|Any CPU
		{83F2D11D-14C8-47AE-A906-E9CCCB91CF05}.Debug|Any CPU.ActiveCfg = Debug|Any CPU
		{83F2D11D-14C8-47AE-A906-E9CCCB91CF05}.Debug|Any CPU.Build.0 = Debug|Any CPU
		{83F2D11D-14C8-47AE-A906-E9CCCB91CF05}.Release|Any CPU.ActiveCfg = Release|Any CPU
		{83F2D11D-14C8-47AE-A906-E9CCCB91CF05}.Release|Any CPU.Build.0 = Release|Any CPU
	EndGlobalSection
EndGlobal
