
Microsoft Visual Studio Solution File, Format Version 12.00
Project("{FAE04EC0-301F-11D3-BF4B-00C04F79EFBC}") = "NearlyRogue.Cli", "NearlyRogue.Cli\NearlyRogue.Cli.csproj", "{A5535CD0-F220-4876-BD6A-DC94535E72AC}"
EndProject
Project("{FAE04EC0-301F-11D3-BF4B-00C04F79EFBC}") = "NearlyRogue.Core", "NearlyRogue.Core\NearlyRogue.Core.csproj", "{0F155E3A-C0A5-4D54-970E-4E1CA9A07223}"
EndProject
Global
	GlobalSection(SolutionConfigurationPlatforms) = preSolution
		Debug|Any CPU = Debug|Any CPU
		Release|Any CPU = Release|Any CPU
	EndGlobalSection
	GlobalSection(ProjectConfigurationPlatforms) = postSolution
		{A5535CD0-F220-4876-BD6A-DC94535E72AC}.Debug|Any CPU.ActiveCfg = Debug|Any CPU
		{A5535CD0-F220-4876-BD6A-DC94535E72AC}.Debug|Any CPU.Build.0 = Debug|Any CPU
		{A5535CD0-F220-4876-BD6A-DC94535E72AC}.Release|Any CPU.ActiveCfg = Release|Any CPU
		{A5535CD0-F220-4876-BD6A-DC94535E72AC}.Release|Any CPU.Build.0 = Release|Any CPU
		{0F155E3A-C0A5-4D54-970E-4E1CA9A07223}.Debug|Any CPU.ActiveCfg = Debug|Any CPU
		{0F155E3A-C0A5-4D54-970E-4E1CA9A07223}.Debug|Any CPU.Build.0 = Debug|Any CPU
		{0F155E3A-C0A5-4D54-970E-4E1CA9A07223}.Release|Any CPU.ActiveCfg = Release|Any CPU
		{0F155E3A-C0A5-4D54-970E-4E1CA9A07223}.Release|Any CPU.Build.0 = Release|Any CPU
	EndGlobalSection
EndGlobal
